
Microsoft Visual Studio Solution File, Format Version 12.00
# Visual Studio Version 17
VisualStudioVersion = 17.10.34916.146
MinimumVisualStudioVersion = 10.0.40219.1
Project("{FAE04EC0-301F-11D3-BF4B-00C04F79EFBC}") = "UniversalBroker.Core", "UniversalBroker.Core\UniversalBroker.Core.csproj", "{0AF99C80-6B52-46A3-B9DF-9755F7383595}"
EndProject
Global
	GlobalSection(SolutionConfigurationPlatforms) = preSolution
		Debug|Any CPU = Debug|Any CPU
		Release|Any CPU = Release|Any CPU
	EndGlobalSection
	GlobalSection(ProjectConfigurationPlatforms) = postSolution
		{0AF99C80-6B52-46A3-B9DF-9755F7383595}.Debug|Any CPU.ActiveCfg = Debug|Any CPU
		{0AF99C80-6B52-46A3-B9DF-9755F7383595}.Debug|Any CPU.Build.0 = Debug|Any CPU
		{0AF99C80-6B52-46A3-B9DF-9755F7383595}.Release|Any CPU.ActiveCfg = Release|Any CPU
		{0AF99C80-6B52-46A3-B9DF-9755F7383595}.Release|Any CPU.Build.0 = Release|Any CPU
	EndGlobalSection
	GlobalSection(SolutionProperties) = preSolution
		HideSolutionNode = FALSE
	EndGlobalSection
	GlobalSection(ExtensibilityGlobals) = postSolution
		SolutionGuid = {962E600A-8DD4-4FBF-845B-2E23DB9BF126}
	EndGlobalSection
EndGlobal
