
Microsoft Visual Studio Solution File, Format Version 12.00
# Visual Studio Version 17
VisualStudioVersion = 17.10.34916.146
MinimumVisualStudioVersion = 10.0.40219.1
Project("{9A19103F-16F7-4668-BE54-9A1E7A4F7556}") = "UniversalBroker.Core", "UniversalBroker.Core\UniversalBroker.Core.csproj", "{0AF99C80-6B52-46A3-B9DF-9755F7383595}"
EndProject
Project("{9A19103F-16F7-4668-BE54-9A1E7A4F7556}") = "UniversalBroker.Common", "UniversalBroker.Common\UniversalBroker.Common.csproj", "{F699B689-D7C9-4C08-8E60-8F2C46ABD6FD}"
EndProject
Project("{FAE04EC0-301F-11D3-BF4B-00C04F79EFBC}") = "UniversalBroker.Adapters.RabbitMq", "UniversalBroker.Adapters.RabbitMq\UniversalBroker.Adapters.RabbitMq.csproj", "{B6DD5078-E381-43C9-BC73-2DC3976F29F6}"
EndProject
Project("{FAE04EC0-301F-11D3-BF4B-00C04F79EFBC}") = "UniversalBroker.Adapters.Scheduler", "UniversalBroker.Adapters.Scheduler\UniversalBroker.Adapters.Scheduler.csproj", "{FD892A8A-6BC1-4FCC-9C8B-AD7EF1D7467B}"
EndProject
Global
	GlobalSection(SolutionConfigurationPlatforms) = preSolution
		Debug|Any CPU = Debug|Any CPU
		Release|Any CPU = Release|Any CPU
	EndGlobalSection
	GlobalSection(ProjectConfigurationPlatforms) = postSolution
		{0AF99C80-6B52-46A3-B9DF-9755F7383595}.Debug|Any CPU.ActiveCfg = Debug|Any CPU
		{0AF99C80-6B52-46A3-B9DF-9755F7383595}.Debug|Any CPU.Build.0 = Debug|Any CPU
		{0AF99C80-6B52-46A3-B9DF-9755F7383595}.Release|Any CPU.ActiveCfg = Release|Any CPU
		{0AF99C80-6B52-46A3-B9DF-9755F7383595}.Release|Any CPU.Build.0 = Release|Any CPU
		{F699B689-D7C9-4C08-8E60-8F2C46ABD6FD}.Debug|Any CPU.ActiveCfg = Debug|Any CPU
		{F699B689-D7C9-4C08-8E60-8F2C46ABD6FD}.Debug|Any CPU.Build.0 = Debug|Any CPU
		{F699B689-D7C9-4C08-8E60-8F2C46ABD6FD}.Release|Any CPU.ActiveCfg = Release|Any CPU
		{F699B689-D7C9-4C08-8E60-8F2C46ABD6FD}.Release|Any CPU.Build.0 = Release|Any CPU
		{B6DD5078-E381-43C9-BC73-2DC3976F29F6}.Debug|Any CPU.ActiveCfg = Debug|Any CPU
		{B6DD5078-E381-43C9-BC73-2DC3976F29F6}.Debug|Any CPU.Build.0 = Debug|Any CPU
		{B6DD5078-E381-43C9-BC73-2DC3976F29F6}.Release|Any CPU.ActiveCfg = Release|Any CPU
		{B6DD5078-E381-43C9-BC73-2DC3976F29F6}.Release|Any CPU.Build.0 = Release|Any CPU
		{FD892A8A-6BC1-4FCC-9C8B-AD7EF1D7467B}.Debug|Any CPU.ActiveCfg = Debug|Any CPU
		{FD892A8A-6BC1-4FCC-9C8B-AD7EF1D7467B}.Debug|Any CPU.Build.0 = Debug|Any CPU
		{FD892A8A-6BC1-4FCC-9C8B-AD7EF1D7467B}.Release|Any CPU.ActiveCfg = Release|Any CPU
		{FD892A8A-6BC1-4FCC-9C8B-AD7EF1D7467B}.Release|Any CPU.Build.0 = Release|Any CPU
	EndGlobalSection
	GlobalSection(SolutionProperties) = preSolution
		HideSolutionNode = FALSE
	EndGlobalSection
	GlobalSection(ExtensibilityGlobals) = postSolution
		SolutionGuid = {962E600A-8DD4-4FBF-845B-2E23DB9BF126}
	EndGlobalSection
EndGlobal
